
Microsoft Visual Studio Solution File, Format Version 9.00
# Visual Studio 2005
Project("{8BC9CEB8-8B4A-11D0-8D11-00A0C91BC942}") = "libnjb", "libnjb.vcproj", "{9691B93E-404D-4D93-A856-FFE423823934}"
EndProject
Global
	GlobalSection(SolutionConfigurationPlatforms) = preSolution
		Debug|Win32 = Debug|Win32
		Release|Win32 = Release|Win32
	EndGlobalSection
	GlobalSection(ProjectConfigurationPlatforms) = postSolution
		{9691B93E-404D-4D93-A856-FFE423823934}.Debug|Win32.ActiveCfg = Debug|Win32
		{9691B93E-404D-4D93-A856-FFE423823934}.Debug|Win32.Build.0 = Debug|Win32
		{9691B93E-404D-4D93-A856-FFE423823934}.Release|Win32.ActiveCfg = Release|Win32
		{9691B93E-404D-4D93-A856-FFE423823934}.Release|Win32.Build.0 = Release|Win32
	EndGlobalSection
	GlobalSection(SolutionProperties) = preSolution
		HideSolutionNode = FALSE
	EndGlobalSection
EndGlobal
